
Microsoft Visual Studio Solution File, Format Version 12.00
# Visual Studio 15
VisualStudioVersion = 15.0.28307.960
MinimumVisualStudioVersion = 10.0.40219.1
Project("{FAE04EC0-301F-11D3-BF4B-00C04F79EFBC}") = "ChatSystermService.asmx", "ChatSystermService.asmx\ChatSystermService.asmx.csproj", "{D8EE4E76-2BE1-43DB-8FF5-554D57389270}"
EndProject
Global
	GlobalSection(SolutionConfigurationPlatforms) = preSolution
		Debug|Any CPU = Debug|Any CPU
		Release|Any CPU = Release|Any CPU
	EndGlobalSection
	GlobalSection(ProjectConfigurationPlatforms) = postSolution
		{D8EE4E76-2BE1-43DB-8FF5-554D57389270}.Debug|Any CPU.ActiveCfg = Debug|Any CPU
		{D8EE4E76-2BE1-43DB-8FF5-554D57389270}.Debug|Any CPU.Build.0 = Debug|Any CPU
		{D8EE4E76-2BE1-43DB-8FF5-554D57389270}.Release|Any CPU.ActiveCfg = Release|Any CPU
		{D8EE4E76-2BE1-43DB-8FF5-554D57389270}.Release|Any CPU.Build.0 = Release|Any CPU
	EndGlobalSection
	GlobalSection(SolutionProperties) = preSolution
		HideSolutionNode = FALSE
	EndGlobalSection
	GlobalSection(ExtensibilityGlobals) = postSolution
		SolutionGuid = {58D7EDB1-EDAF-4427-AC84-A03DB2DF7703}
	EndGlobalSection
EndGlobal
